
Microsoft Visual Studio Solution File, Format Version 12.00
# Visual Studio Version 16
VisualStudioVersion = 16.0.30114.105
MinimumVisualStudioVersion = 10.0.40219.1
Project("{FAE04EC0-301F-11D3-BF4B-00C04F79EFBC}") = "Core", "core\Core.csproj", "{4CD9B578-799B-4E5E-9063-FA4430CC02FA}"
EndProject
Project("{FAE04EC0-301F-11D3-BF4B-00C04F79EFBC}") = "Infrastructure", "Infrastructure\Infrastructure.csproj", "{8184B4F1-5CB1-41CD-BAD7-61DDE9D14399}"
EndProject
Project("{FAE04EC0-301F-11D3-BF4B-00C04F79EFBC}") = "API", "api\API.csproj", "{4C1F96B9-9DD1-4532-AB20-0A1E4164B620}"
EndProject
Global
	GlobalSection(SolutionConfigurationPlatforms) = preSolution
		Debug|Any CPU = Debug|Any CPU
		Debug|x64 = Debug|x64
		Debug|x86 = Debug|x86
		Release|Any CPU = Release|Any CPU
		Release|x64 = Release|x64
		Release|x86 = Release|x86
	EndGlobalSection
	GlobalSection(SolutionProperties) = preSolution
		HideSolutionNode = FALSE
	EndGlobalSection
	GlobalSection(ProjectConfigurationPlatforms) = postSolution
		{4CD9B578-799B-4E5E-9063-FA4430CC02FA}.Debug|Any CPU.ActiveCfg = Debug|Any CPU
		{4CD9B578-799B-4E5E-9063-FA4430CC02FA}.Debug|Any CPU.Build.0 = Debug|Any CPU
		{4CD9B578-799B-4E5E-9063-FA4430CC02FA}.Debug|x64.ActiveCfg = Debug|Any CPU
		{4CD9B578-799B-4E5E-9063-FA4430CC02FA}.Debug|x64.Build.0 = Debug|Any CPU
		{4CD9B578-799B-4E5E-9063-FA4430CC02FA}.Debug|x86.ActiveCfg = Debug|Any CPU
		{4CD9B578-799B-4E5E-9063-FA4430CC02FA}.Debug|x86.Build.0 = Debug|Any CPU
		{4CD9B578-799B-4E5E-9063-FA4430CC02FA}.Release|Any CPU.ActiveCfg = Release|Any CPU
		{4CD9B578-799B-4E5E-9063-FA4430CC02FA}.Release|Any CPU.Build.0 = Release|Any CPU
		{4CD9B578-799B-4E5E-9063-FA4430CC02FA}.Release|x64.ActiveCfg = Release|Any CPU
		{4CD9B578-799B-4E5E-9063-FA4430CC02FA}.Release|x64.Build.0 = Release|Any CPU
		{4CD9B578-799B-4E5E-9063-FA4430CC02FA}.Release|x86.ActiveCfg = Release|Any CPU
		{4CD9B578-799B-4E5E-9063-FA4430CC02FA}.Release|x86.Build.0 = Release|Any CPU
		{8184B4F1-5CB1-41CD-BAD7-61DDE9D14399}.Debug|Any CPU.ActiveCfg = Debug|Any CPU
		{8184B4F1-5CB1-41CD-BAD7-61DDE9D14399}.Debug|Any CPU.Build.0 = Debug|Any CPU
		{8184B4F1-5CB1-41CD-BAD7-61DDE9D14399}.Debug|x64.ActiveCfg = Debug|Any CPU
		{8184B4F1-5CB1-41CD-BAD7-61DDE9D14399}.Debug|x64.Build.0 = Debug|Any CPU
		{8184B4F1-5CB1-41CD-BAD7-61DDE9D14399}.Debug|x86.ActiveCfg = Debug|Any CPU
		{8184B4F1-5CB1-41CD-BAD7-61DDE9D14399}.Debug|x86.Build.0 = Debug|Any CPU
		{8184B4F1-5CB1-41CD-BAD7-61DDE9D14399}.Release|Any CPU.ActiveCfg = Release|Any CPU
		{8184B4F1-5CB1-41CD-BAD7-61DDE9D14399}.Release|Any CPU.Build.0 = Release|Any CPU
		{8184B4F1-5CB1-41CD-BAD7-61DDE9D14399}.Release|x64.ActiveCfg = Release|Any CPU
		{8184B4F1-5CB1-41CD-BAD7-61DDE9D14399}.Release|x64.Build.0 = Release|Any CPU
		{8184B4F1-5CB1-41CD-BAD7-61DDE9D14399}.Release|x86.ActiveCfg = Release|Any CPU
		{8184B4F1-5CB1-41CD-BAD7-61DDE9D14399}.Release|x86.Build.0 = Release|Any CPU
		{4C1F96B9-9DD1-4532-AB20-0A1E4164B620}.Debug|Any CPU.ActiveCfg = Debug|Any CPU
		{4C1F96B9-9DD1-4532-AB20-0A1E4164B620}.Debug|Any CPU.Build.0 = Debug|Any CPU
		{4C1F96B9-9DD1-4532-AB20-0A1E4164B620}.Debug|x64.ActiveCfg = Debug|Any CPU
		{4C1F96B9-9DD1-4532-AB20-0A1E4164B620}.Debug|x64.Build.0 = Debug|Any CPU
		{4C1F96B9-9DD1-4532-AB20-0A1E4164B620}.Debug|x86.ActiveCfg = Debug|Any CPU
		{4C1F96B9-9DD1-4532-AB20-0A1E4164B620}.Debug|x86.Build.0 = Debug|Any CPU
		{4C1F96B9-9DD1-4532-AB20-0A1E4164B620}.Release|Any CPU.ActiveCfg = Release|Any CPU
		{4C1F96B9-9DD1-4532-AB20-0A1E4164B620}.Release|Any CPU.Build.0 = Release|Any CPU
		{4C1F96B9-9DD1-4532-AB20-0A1E4164B620}.Release|x64.ActiveCfg = Release|Any CPU
		{4C1F96B9-9DD1-4532-AB20-0A1E4164B620}.Release|x64.Build.0 = Release|Any CPU
		{4C1F96B9-9DD1-4532-AB20-0A1E4164B620}.Release|x86.ActiveCfg = Release|Any CPU
		{4C1F96B9-9DD1-4532-AB20-0A1E4164B620}.Release|x86.Build.0 = Release|Any CPU
	EndGlobalSection
EndGlobal
